
Microsoft Visual Studio Solution File, Format Version 12.00
# Visual Studio 15
VisualStudioVersion = 15.0.27703.2042
MinimumVisualStudioVersion = 10.0.40219.1
Project("{9A19103F-16F7-4668-BE54-9A1E7A4F7556}") = "Hercules.WebSite", "Hercules.WebSite\Hercules.WebSite.csproj", "{5075A730-4A57-4764-8725-79AE96E10A71}"
EndProject
Project("{9A19103F-16F7-4668-BE54-9A1E7A4F7556}") = "Hercules.RunApp", "Hercules.RunApp\Hercules.RunApp.csproj", "{785709A3-6330-4868-B2D0-649C3925F2F2}"
EndProject
Project("{9A19103F-16F7-4668-BE54-9A1E7A4F7556}") = "Hercules.ExportToExcel", "Hercules.ExportToExcel\Hercules.ExportToExcel.csproj", "{D062F632-5838-4D8D-821E-766D39F9F0DA}"
EndProject
Global
	GlobalSection(SolutionConfigurationPlatforms) = preSolution
		Debug|Any CPU = Debug|Any CPU
		Release|Any CPU = Release|Any CPU
	EndGlobalSection
	GlobalSection(ProjectConfigurationPlatforms) = postSolution
		{5075A730-4A57-4764-8725-79AE96E10A71}.Debug|Any CPU.ActiveCfg = Debug|Any CPU
		{5075A730-4A57-4764-8725-79AE96E10A71}.Debug|Any CPU.Build.0 = Debug|Any CPU
		{5075A730-4A57-4764-8725-79AE96E10A71}.Release|Any CPU.ActiveCfg = Release|Any CPU
		{5075A730-4A57-4764-8725-79AE96E10A71}.Release|Any CPU.Build.0 = Release|Any CPU
		{785709A3-6330-4868-B2D0-649C3925F2F2}.Debug|Any CPU.ActiveCfg = Debug|Any CPU
		{785709A3-6330-4868-B2D0-649C3925F2F2}.Debug|Any CPU.Build.0 = Debug|Any CPU
		{785709A3-6330-4868-B2D0-649C3925F2F2}.Release|Any CPU.ActiveCfg = Release|Any CPU
		{785709A3-6330-4868-B2D0-649C3925F2F2}.Release|Any CPU.Build.0 = Release|Any CPU
		{D062F632-5838-4D8D-821E-766D39F9F0DA}.Debug|Any CPU.ActiveCfg = Debug|Any CPU
		{D062F632-5838-4D8D-821E-766D39F9F0DA}.Debug|Any CPU.Build.0 = Debug|Any CPU
		{D062F632-5838-4D8D-821E-766D39F9F0DA}.Release|Any CPU.ActiveCfg = Release|Any CPU
		{D062F632-5838-4D8D-821E-766D39F9F0DA}.Release|Any CPU.Build.0 = Release|Any CPU
	EndGlobalSection
	GlobalSection(SolutionProperties) = preSolution
		HideSolutionNode = FALSE
	EndGlobalSection
	GlobalSection(ExtensibilityGlobals) = postSolution
		SolutionGuid = {6D01C043-10AF-4C82-88E9-8D178AD9CD69}
	EndGlobalSection
EndGlobal
