
Microsoft Visual Studio Solution File, Format Version 12.00
# Visual Studio 15
VisualStudioVersion = 15.0.27703.2042
MinimumVisualStudioVersion = 10.0.40219.1
Project("{FAE04EC0-301F-11D3-BF4B-00C04F79EFBC}") = "Yunly.Learning", "Yunly.Learning\Yunly.Learning.csproj", "{3FDE8796-C396-476E-B1C4-4C41B319AB8B}"
EndProject
Global
	GlobalSection(SolutionConfigurationPlatforms) = preSolution
		Debug|Any CPU = Debug|Any CPU
		Release|Any CPU = Release|Any CPU
	EndGlobalSection
	GlobalSection(ProjectConfigurationPlatforms) = postSolution
		{3FDE8796-C396-476E-B1C4-4C41B319AB8B}.Debug|Any CPU.ActiveCfg = Debug|Any CPU
		{3FDE8796-C396-476E-B1C4-4C41B319AB8B}.Debug|Any CPU.Build.0 = Debug|Any CPU
		{3FDE8796-C396-476E-B1C4-4C41B319AB8B}.Release|Any CPU.ActiveCfg = Release|Any CPU
		{3FDE8796-C396-476E-B1C4-4C41B319AB8B}.Release|Any CPU.Build.0 = Release|Any CPU
	EndGlobalSection
	GlobalSection(SolutionProperties) = preSolution
		HideSolutionNode = FALSE
	EndGlobalSection
	GlobalSection(ExtensibilityGlobals) = postSolution
		SolutionGuid = {F78AD4E8-1489-4081-8924-7F5897CBB11D}
	EndGlobalSection
EndGlobal
