
Microsoft Visual Studio Solution File, Format Version 12.00
# Visual Studio 15
VisualStudioVersion = 15.0.27703.2042
MinimumVisualStudioVersion = 10.0.40219.1
Project("{9A19103F-16F7-4668-BE54-9A1E7A4F7556}") = "Yunly.Learning", "Yunly.Learning\Yunly.Learning.csproj", "{3FDE8796-C396-476E-B1C4-4C41B319AB8B}"
EndProject
Project("{9A19103F-16F7-4668-BE54-9A1E7A4F7556}") = "Yunly.Learning.Syntex", "Yunly.Learning.Syntex\Yunly.Learning.Syntex.csproj", "{4A5900D6-8CC5-448A-814C-DE9BE53C97ED}"
EndProject
Project("{FAE04EC0-301F-11D3-BF4B-00C04F79EFBC}") = "Yunly.WinForm", "Yunly.WinForm\Yunly.WinForm.csproj", "{5BF540C2-057C-4AEC-8457-1D8E588CC911}"
EndProject
Project("{9A19103F-16F7-4668-BE54-9A1E7A4F7556}") = "Yunly.Education", "Yunly.Education\Yunly.Education.csproj", "{433AF5B0-58A9-41E8-91DB-2DE8F581B1D3}"
EndProject
Project("{9A19103F-16F7-4668-BE54-9A1E7A4F7556}") = "Razor", "Razor\Razor.csproj", "{8BEB0F60-2FAC-4E67-A65A-E3AF2E551AF8}"
EndProject
Project("{FAE04EC0-301F-11D3-BF4B-00C04F79EFBC}") = "Yunly.WindowsAppCtl", "Yunly.WindowsAppCtl\Yunly.WindowsAppCtl.csproj", "{487ED325-9CEF-459A-8368-C49057DB77DB}"
EndProject
Project("{9A19103F-16F7-4668-BE54-9A1E7A4F7556}") = "Yunly.Learning.Test", "Yunly.Learning.Test\Yunly.Learning.Test.csproj", "{460D4073-E28F-4668-A09F-24FFDCB6E1DA}"
EndProject
Project("{FAE04EC0-301F-11D3-BF4B-00C04F79EFBC}") = "AccountBook", "AccountBook\AccountBook.csproj", "{CA784A26-B825-4463-B264-BF8712FE4B9F}"
EndProject
Project("{FAE04EC0-301F-11D3-BF4B-00C04F79EFBC}") = "AccountBook.Test", "AccountBook.Test\AccountBook.Test.csproj", "{9C6C54D5-5638-489F-9699-E963B46109CC}"
EndProject
Global
	GlobalSection(SolutionConfigurationPlatforms) = preSolution
		Debug|Any CPU = Debug|Any CPU
		Release|Any CPU = Release|Any CPU
	EndGlobalSection
	GlobalSection(ProjectConfigurationPlatforms) = postSolution
		{3FDE8796-C396-476E-B1C4-4C41B319AB8B}.Debug|Any CPU.ActiveCfg = Debug|Any CPU
		{3FDE8796-C396-476E-B1C4-4C41B319AB8B}.Debug|Any CPU.Build.0 = Debug|Any CPU
		{3FDE8796-C396-476E-B1C4-4C41B319AB8B}.Release|Any CPU.ActiveCfg = Release|Any CPU
		{3FDE8796-C396-476E-B1C4-4C41B319AB8B}.Release|Any CPU.Build.0 = Release|Any CPU
		{4A5900D6-8CC5-448A-814C-DE9BE53C97ED}.Debug|Any CPU.ActiveCfg = Debug|Any CPU
		{4A5900D6-8CC5-448A-814C-DE9BE53C97ED}.Debug|Any CPU.Build.0 = Debug|Any CPU
		{4A5900D6-8CC5-448A-814C-DE9BE53C97ED}.Release|Any CPU.ActiveCfg = Release|Any CPU
		{4A5900D6-8CC5-448A-814C-DE9BE53C97ED}.Release|Any CPU.Build.0 = Release|Any CPU
		{5BF540C2-057C-4AEC-8457-1D8E588CC911}.Debug|Any CPU.ActiveCfg = Debug|Any CPU
		{5BF540C2-057C-4AEC-8457-1D8E588CC911}.Debug|Any CPU.Build.0 = Debug|Any CPU
		{5BF540C2-057C-4AEC-8457-1D8E588CC911}.Release|Any CPU.ActiveCfg = Release|Any CPU
		{5BF540C2-057C-4AEC-8457-1D8E588CC911}.Release|Any CPU.Build.0 = Release|Any CPU
		{433AF5B0-58A9-41E8-91DB-2DE8F581B1D3}.Debug|Any CPU.ActiveCfg = Debug|Any CPU
		{433AF5B0-58A9-41E8-91DB-2DE8F581B1D3}.Debug|Any CPU.Build.0 = Debug|Any CPU
		{433AF5B0-58A9-41E8-91DB-2DE8F581B1D3}.Release|Any CPU.ActiveCfg = Release|Any CPU
		{433AF5B0-58A9-41E8-91DB-2DE8F581B1D3}.Release|Any CPU.Build.0 = Release|Any CPU
		{8BEB0F60-2FAC-4E67-A65A-E3AF2E551AF8}.Debug|Any CPU.ActiveCfg = Debug|Any CPU
		{8BEB0F60-2FAC-4E67-A65A-E3AF2E551AF8}.Debug|Any CPU.Build.0 = Debug|Any CPU
		{8BEB0F60-2FAC-4E67-A65A-E3AF2E551AF8}.Release|Any CPU.ActiveCfg = Release|Any CPU
		{8BEB0F60-2FAC-4E67-A65A-E3AF2E551AF8}.Release|Any CPU.Build.0 = Release|Any CPU
		{487ED325-9CEF-459A-8368-C49057DB77DB}.Debug|Any CPU.ActiveCfg = Debug|Any CPU
		{487ED325-9CEF-459A-8368-C49057DB77DB}.Debug|Any CPU.Build.0 = Debug|Any CPU
		{487ED325-9CEF-459A-8368-C49057DB77DB}.Release|Any CPU.ActiveCfg = Release|Any CPU
		{487ED325-9CEF-459A-8368-C49057DB77DB}.Release|Any CPU.Build.0 = Release|Any CPU
		{460D4073-E28F-4668-A09F-24FFDCB6E1DA}.Debug|Any CPU.ActiveCfg = Debug|Any CPU
		{460D4073-E28F-4668-A09F-24FFDCB6E1DA}.Debug|Any CPU.Build.0 = Debug|Any CPU
		{460D4073-E28F-4668-A09F-24FFDCB6E1DA}.Release|Any CPU.ActiveCfg = Release|Any CPU
		{460D4073-E28F-4668-A09F-24FFDCB6E1DA}.Release|Any CPU.Build.0 = Release|Any CPU
		{CA784A26-B825-4463-B264-BF8712FE4B9F}.Debug|Any CPU.ActiveCfg = Debug|Any CPU
		{CA784A26-B825-4463-B264-BF8712FE4B9F}.Debug|Any CPU.Build.0 = Debug|Any CPU
		{CA784A26-B825-4463-B264-BF8712FE4B9F}.Release|Any CPU.ActiveCfg = Release|Any CPU
		{CA784A26-B825-4463-B264-BF8712FE4B9F}.Release|Any CPU.Build.0 = Release|Any CPU
		{9C6C54D5-5638-489F-9699-E963B46109CC}.Debug|Any CPU.ActiveCfg = Debug|Any CPU
		{9C6C54D5-5638-489F-9699-E963B46109CC}.Debug|Any CPU.Build.0 = Debug|Any CPU
		{9C6C54D5-5638-489F-9699-E963B46109CC}.Release|Any CPU.ActiveCfg = Release|Any CPU
		{9C6C54D5-5638-489F-9699-E963B46109CC}.Release|Any CPU.Build.0 = Release|Any CPU
	EndGlobalSection
	GlobalSection(SolutionProperties) = preSolution
		HideSolutionNode = FALSE
	EndGlobalSection
	GlobalSection(ExtensibilityGlobals) = postSolution
		SolutionGuid = {F78AD4E8-1489-4081-8924-7F5897CBB11D}
	EndGlobalSection
EndGlobal
