
Microsoft Visual Studio Solution File, Format Version 12.00
# Visual Studio 15
VisualStudioVersion = 15.0.27703.2042
MinimumVisualStudioVersion = 10.0.40219.1
Project("{FAE04EC0-301F-11D3-BF4B-00C04F79EFBC}") = "Yunly.Learning", "Yunly.Learning\Yunly.Learning.csproj", "{EC93B206-E9E3-4947-A923-72330DED99CD}"
EndProject
Project("{FAE04EC0-301F-11D3-BF4B-00C04F79EFBC}") = "Yunly.Learning.RazorPagesMovie", "Yunly.Learning.RazorPagesMovie\Yunly.Learning.RazorPagesMovie.csproj", "{CC8B9B0F-8AFD-4117-BCF4-A555EF7A4B3E}"
EndProject
Global
	GlobalSection(SolutionConfigurationPlatforms) = preSolution
		Debug|Any CPU = Debug|Any CPU
		Release|Any CPU = Release|Any CPU
	EndGlobalSection
	GlobalSection(ProjectConfigurationPlatforms) = postSolution
		{EC93B206-E9E3-4947-A923-72330DED99CD}.Debug|Any CPU.ActiveCfg = Debug|Any CPU
		{EC93B206-E9E3-4947-A923-72330DED99CD}.Debug|Any CPU.Build.0 = Debug|Any CPU
		{EC93B206-E9E3-4947-A923-72330DED99CD}.Release|Any CPU.ActiveCfg = Release|Any CPU
		{EC93B206-E9E3-4947-A923-72330DED99CD}.Release|Any CPU.Build.0 = Release|Any CPU
		{CC8B9B0F-8AFD-4117-BCF4-A555EF7A4B3E}.Debug|Any CPU.ActiveCfg = Debug|Any CPU
		{CC8B9B0F-8AFD-4117-BCF4-A555EF7A4B3E}.Debug|Any CPU.Build.0 = Debug|Any CPU
		{CC8B9B0F-8AFD-4117-BCF4-A555EF7A4B3E}.Release|Any CPU.ActiveCfg = Release|Any CPU
		{CC8B9B0F-8AFD-4117-BCF4-A555EF7A4B3E}.Release|Any CPU.Build.0 = Release|Any CPU
	EndGlobalSection
	GlobalSection(SolutionProperties) = preSolution
		HideSolutionNode = FALSE
	EndGlobalSection
	GlobalSection(ExtensibilityGlobals) = postSolution
		SolutionGuid = {542F317B-1D87-4EC2-89CD-018A753E121B}
	EndGlobalSection
EndGlobal
