
Microsoft Visual Studio Solution File, Format Version 12.00
# Visual Studio 15
VisualStudioVersion = 15.0.27703.2042
MinimumVisualStudioVersion = 10.0.40219.1
Project("{9A19103F-16F7-4668-BE54-9A1E7A4F7556}") = "Yunly.App.Crawler", "Yunly.App\Yunly.App.Crawler.csproj", "{70A756D9-C2C4-431B-B65D-80F5B55874F1}"
EndProject
Project("{9A19103F-16F7-4668-BE54-9A1E7A4F7556}") = "Yunly.App.Crawler.HalifaxMyRec", "HalifaxMyRec\Yunly.App.Crawler.HalifaxMyRec.csproj", "{2DEB049D-4E18-458D-B5A3-C09F6871E585}"
EndProject
Project("{FAE04EC0-301F-11D3-BF4B-00C04F79EFBC}") = "Yunly.App.Run", "Yunly.App.Run\Yunly.App.Run.csproj", "{33E6D76C-5BA5-43FC-8CF6-B8A1CCDB5B03}"
EndProject
Global
	GlobalSection(SolutionConfigurationPlatforms) = preSolution
		Debug|Any CPU = Debug|Any CPU
		Release|Any CPU = Release|Any CPU
	EndGlobalSection
	GlobalSection(ProjectConfigurationPlatforms) = postSolution
		{70A756D9-C2C4-431B-B65D-80F5B55874F1}.Debug|Any CPU.ActiveCfg = Debug|Any CPU
		{70A756D9-C2C4-431B-B65D-80F5B55874F1}.Debug|Any CPU.Build.0 = Debug|Any CPU
		{70A756D9-C2C4-431B-B65D-80F5B55874F1}.Release|Any CPU.ActiveCfg = Release|Any CPU
		{70A756D9-C2C4-431B-B65D-80F5B55874F1}.Release|Any CPU.Build.0 = Release|Any CPU
		{2DEB049D-4E18-458D-B5A3-C09F6871E585}.Debug|Any CPU.ActiveCfg = Debug|Any CPU
		{2DEB049D-4E18-458D-B5A3-C09F6871E585}.Debug|Any CPU.Build.0 = Debug|Any CPU
		{2DEB049D-4E18-458D-B5A3-C09F6871E585}.Release|Any CPU.ActiveCfg = Release|Any CPU
		{2DEB049D-4E18-458D-B5A3-C09F6871E585}.Release|Any CPU.Build.0 = Release|Any CPU
		{33E6D76C-5BA5-43FC-8CF6-B8A1CCDB5B03}.Debug|Any CPU.ActiveCfg = Debug|Any CPU
		{33E6D76C-5BA5-43FC-8CF6-B8A1CCDB5B03}.Debug|Any CPU.Build.0 = Debug|Any CPU
		{33E6D76C-5BA5-43FC-8CF6-B8A1CCDB5B03}.Release|Any CPU.ActiveCfg = Release|Any CPU
		{33E6D76C-5BA5-43FC-8CF6-B8A1CCDB5B03}.Release|Any CPU.Build.0 = Release|Any CPU
	EndGlobalSection
	GlobalSection(SolutionProperties) = preSolution
		HideSolutionNode = FALSE
	EndGlobalSection
	GlobalSection(ExtensibilityGlobals) = postSolution
		SolutionGuid = {DB2D0130-585F-4AB1-9428-58E2D288FAE2}
	EndGlobalSection
EndGlobal
